PODS:
  - ActionSheetPicker-3.0 (2.0.5)
  - BMCustomTableView (0.1.0)
  - CVCalendar (1.2.9)
  - ElasticTransition (2.0.1)
  - EZAlertController (0.3)
  - RandomColorSwift (0.1.0)
  - SAConfettiView (0.1.3)

DEPENDENCIES:
  - ActionSheetPicker-3.0 (~> 2.0.5)
  - BMCustomTableView
  - CVCalendar (~> 1.2.8)
  - ElasticTransition (>= 2.0.1)
  - EZAlertController (= 0.3)
  - RandomColorSwift
  - SAConfettiView

SPEC CHECKSUMS:
  ActionSheetPicker-3.0: 8312778b6815578e6a86d630fbcf31dc94c534e7
  BMCustomTableView: 263be7eae28e521a1f76f235e1ddf124e8d98b81
  CVCalendar: 0799256e0bc3b43e83b7e86c0729ce9ff0624cb6
  ElasticTransition: ec15f7f9283eb812852eabb60f4b9bd4e003c4eb
  EZAlertController: 178808422e5281c3ffb20c28cb3eb555088bf07e
  RandomColorSwift: b2e95d6d3670def6d2f907ec7b7041138b268ac9
  SAConfettiView: 91d2fb2ddf07725ad9d599349617382b91452ede

COCOAPODS: 0.39.0
