PODS:
  - BMCustomTableView (0.1.0)
  - CVCalendar (1.4.0)
  - ElasticTransition (3.0.1):
    - MotionAnimation (~> 0.1.1)
  - MotionAnimation (0.1.1)
  - SAConfettiView (0.1.8)

DEPENDENCIES:
  - BMCustomTableView
  - CVCalendar (~> 1.4.0)
  - ElasticTransition (from `https://github.com/lkzhao/ElasticTransition.git`, branch `swift3`)
  - MotionAnimation (from `https://github.com/lkzhao/MotionAnimation.git`, branch `swift3`)
  - SAConfettiView

EXTERNAL SOURCES:
  ElasticTransition:
    :branch: swift3
    :git: https://github.com/lkzhao/ElasticTransition.git
  MotionAnimation:
    :branch: swift3
    :git: https://github.com/lkzhao/MotionAnimation.git

CHECKOUT OPTIONS:
  ElasticTransition:
    :commit: 426816315ff4d5411d2187298d7c1808a5368a68
    :git: https://github.com/lkzhao/ElasticTransition.git
  MotionAnimation:
    :commit: dd81eab887d43917602b2c58f4801a7c45519777
    :git: https://github.com/lkzhao/MotionAnimation.git

SPEC CHECKSUMS:
  BMCustomTableView: 263be7eae28e521a1f76f235e1ddf124e8d98b81
  CVCalendar: ec1a06a508f99d8e5067258754f811a8a1433a3f
  ElasticTransition: 231e60fa66f68f42129e7969736f4a9e69794f97
  MotionAnimation: ff356cfdbedcab52a5bfc94cc96ed44ea2f652e0
  SAConfettiView: c87031a2280659261b730fce3669fb10e73636ee

PODFILE CHECKSUM: 5247ab05799c14e84878b5ddc743be429b0f9afd

COCOAPODS: 1.0.1
