// !$*UTF8*$!
{
	archiveVersion = 1;
	classes = {
	};
	objectVersion = 46;
	objects = {

/* Begin PBXBuildFile section */
		74FF54CBB1BD86C3A5C8C31F /* Pods_run_run_run.framework in Frameworks */ = {isa = PBXBuildFile; fileRef = 1AAFFDD0ED4961283238036D /* Pods_run_run_run.framework */; };
		D3284B6C1C8DB46B006FB560 /* Train.swift in Sources */ = {isa = PBXBuildFile; fileRef = D3284B6B1C8DB46B006FB560 /* Train.swift */; };
		D3284B6E1C8EB959006FB560 /* ImageUtil.swift in Sources */ = {isa = PBXBuildFile; fileRef = D3284B6D1C8EB959006FB560 /* ImageUtil.swift */; };
		D3284B701C92ED19006FB560 /* Train_data.swift in Sources */ = {isa = PBXBuildFile; fileRef = D3284B6F1C92ED19006FB560 /* Train_data.swift */; };
		D3284B721C92F688006FB560 /* UserData.swift in Sources */ = {isa = PBXBuildFile; fileRef = D3284B711C92F688006FB560 /* UserData.swift */; };
		D352CBFE1D22B6F700E1FD08 /* OptionsViewController.swift in Sources */ = {isa = PBXBuildFile; fileRef = D352CBFD1D22B6F700E1FD08 /* OptionsViewController.swift */; };
		D35F1CCC1C7105390084A902 /* AppDelegate.swift in Sources */ = {isa = PBXBuildFile; fileRef = D35F1CCB1C7105390084A902 /* AppDelegate.swift */; };
		D35F1CCE1C7105390084A902 /* PlanViewController.swift in Sources */ = {isa = PBXBuildFile; fileRef = D35F1CCD1C7105390084A902 /* PlanViewController.swift */; };
		D35F1CD31C7105390084A902 /* Assets.xcassets in Resources */ = {isa = PBXBuildFile; fileRef = D35F1CD21C7105390084A902 /* Assets.xcassets */; };
		D35F1CD61C7105390084A902 /* LaunchScreen.storyboard in Resources */ = {isa = PBXBuildFile; fileRef = D35F1CD41C7105390084A902 /* LaunchScreen.storyboard */; };
		D3669D531C84933A00250225 /* InitialViewController.swift in Sources */ = {isa = PBXBuildFile; fileRef = D3669D521C84933A00250225 /* InitialViewController.swift */; };
		D36EEFC21D3C0138009A772E /* RunController.swift in Sources */ = {isa = PBXBuildFile; fileRef = D36EEFC11D3C0138009A772E /* RunController.swift */; };
		D36EEFC41D475C62009A772E /* 04B_19__.TTF in Resources */ = {isa = PBXBuildFile; fileRef = D36EEFC31D475C62009A772E /* 04B_19__.TTF */; };
		D37E54281C7C8DDF0025509A /* CalViewController.swift in Sources */ = {isa = PBXBuildFile; fileRef = D37E54271C7C8DDF0025509A /* CalViewController.swift */; };
		D3B57E1C1D2BF6220014F8F2 /* MenuButton.swift in Sources */ = {isa = PBXBuildFile; fileRef = D3B57E1B1D2BF6220014F8F2 /* MenuButton.swift */; };
		D3B57E1E1D3150D20014F8F2 /* RunCircles.swift in Sources */ = {isa = PBXBuildFile; fileRef = D3B57E1D1D3150D20014F8F2 /* RunCircles.swift */; };
		D3CED4751D33D6D600EBE97F /* CounterView.swift in Sources */ = {isa = PBXBuildFile; fileRef = D3CED4741D33D6D600EBE97F /* CounterView.swift */; };
		D3E368501D8563D500ABAD1F /* SKTAudio.swift in Sources */ = {isa = PBXBuildFile; fileRef = D3E3684F1D8563D500ABAD1F /* SKTAudio.swift */; };
		D3E368551D856F5000ABAD1F /* run1.5.mp3 in Resources */ = {isa = PBXBuildFile; fileRef = D3E368541D856F5000ABAD1F /* run1.5.mp3 */; };
		D3E368571D856FCF00ABAD1F /* walk1.5.mp3 in Resources */ = {isa = PBXBuildFile; fileRef = D3E368561D856FCF00ABAD1F /* walk1.5.mp3 */; };
		D3E368591D85703B00ABAD1F /* run1.mp3 in Resources */ = {isa = PBXBuildFile; fileRef = D3E368581D85703B00ABAD1F /* run1.mp3 */; };
		D3E3685D1D85724B00ABAD1F /* walk2.mp3 in Resources */ = {isa = PBXBuildFile; fileRef = D3E3685C1D85724B00ABAD1F /* walk2.mp3 */; };
		D3E3685F1D85730800ABAD1F /* walk2.5.mp3 in Resources */ = {isa = PBXBuildFile; fileRef = D3E3685E1D85730800ABAD1F /* walk2.5.mp3 */; };
		D3E368681D85852600ABAD1F /* run3.mp3 in Resources */ = {isa = PBXBuildFile; fileRef = D3E368601D85852500ABAD1F /* run3.mp3 */; };
		D3E368691D85852600ABAD1F /* run5.mp3 in Resources */ = {isa = PBXBuildFile; fileRef = D3E368611D85852500ABAD1F /* run5.mp3 */; };
		D3E3686A1D85852600ABAD1F /* run8.mp3 in Resources */ = {isa = PBXBuildFile; fileRef = D3E368621D85852600ABAD1F /* run8.mp3 */; };
		D3E3686B1D85852600ABAD1F /* run10.mp3 in Resources */ = {isa = PBXBuildFile; fileRef = D3E368631D85852600ABAD1F /* run10.mp3 */; };
		D3E3686C1D85852600ABAD1F /* run21.mp3 in Resources */ = {isa = PBXBuildFile; fileRef = D3E368641D85852600ABAD1F /* run21.mp3 */; };
		D3E3686D1D85852600ABAD1F /* run25.mp3 in Resources */ = {isa = PBXBuildFile; fileRef = D3E368651D85852600ABAD1F /* run25.mp3 */; };
		D3E3686E1D85852600ABAD1F /* run28.mp3 in Resources */ = {isa = PBXBuildFile; fileRef = D3E368661D85852600ABAD1F /* run28.mp3 */; };
		D3E3686F1D85852600ABAD1F /* run30.mp3 in Resources */ = {isa = PBXBuildFile; fileRef = D3E368671D85852600ABAD1F /* run30.mp3 */; };
		D3E368721D85853600ABAD1F /* walk3.mp3 in Resources */ = {isa = PBXBuildFile; fileRef = D3E368701D85853600ABAD1F /* walk3.mp3 */; };
		D3E368731D85853600ABAD1F /* walk5.mp3 in Resources */ = {isa = PBXBuildFile; fileRef = D3E368711D85853600ABAD1F /* walk5.mp3 */; };
		D3EB34C21D4D01E4007ECDBB /* SegmentControl.swift in Sources */ = {isa = PBXBuildFile; fileRef = D3EB34C11D4D01E4007ECDBB /* SegmentControl.swift */; };
		D3F685781D682A4300DE5959 /* Main.storyboard in Resources */ = {isa = PBXBuildFile; fileRef = D3F685761D682A4300DE5959 /* Main.storyboard */; };
/* End PBXBuildFile section */

/* Begin PBXFileReference section */
		16CD999C66618120D329DB26 /* Pods-run_run_runTests.release.xcconfig */ = {isa = PBXFileReference; includeInIndex = 1; lastKnownFileType = text.xcconfig; name = "Pods-run_run_runTests.release.xcconfig"; path = "Pods/Target Support Files/Pods-run_run_runTests/Pods-run_run_runTests.release.xcconfig"; sourceTree = "<group>"; };
		1AAFFDD0ED4961283238036D /* Pods_run_run_run.framework */ = {isa = PBXFileReference; explicitFileType = wrapper.framework; includeInIndex = 0; path = Pods_run_run_run.framework; sourceTree = BUILT_PRODUCTS_DIR; };
		ADE1AE98041C91F27240AF24 /* Pods-run_run_runTests.debug.xcconfig */ = {isa = PBXFileReference; includeInIndex = 1; lastKnownFileType = text.xcconfig; name = "Pods-run_run_runTests.debug.xcconfig"; path = "Pods/Target Support Files/Pods-run_run_runTests/Pods-run_run_runTests.debug.xcconfig"; sourceTree = "<group>"; };
		BCF71EC4D85A23DE8C9F149A /* Pods_run_run_runTests.framework */ = {isa = PBXFileReference; explicitFileType = wrapper.framework; includeInIndex = 0; path = Pods_run_run_runTests.framework; sourceTree = BUILT_PRODUCTS_DIR; };
		D3284B6B1C8DB46B006FB560 /* Train.swift */ = {isa = PBXFileReference; fileEncoding = 4; lastKnownFileType = sourcecode.swift; path = Train.swift; sourceTree = "<group>"; };
		D3284B6D1C8EB959006FB560 /* ImageUtil.swift */ = {isa = PBXFileReference; fileEncoding = 4; lastKnownFileType = sourcecode.swift; path = ImageUtil.swift; sourceTree = "<group>"; };
		D3284B6F1C92ED19006FB560 /* Train_data.swift */ = {isa = PBXFileReference; fileEncoding = 4; lastKnownFileType = sourcecode.swift; path = Train_data.swift; sourceTree = "<group>"; };
		D3284B711C92F688006FB560 /* UserData.swift */ = {isa = PBXFileReference; fileEncoding = 4; lastKnownFileType = sourcecode.swift; path = UserData.swift; sourceTree = "<group>"; };
		D352CBFD1D22B6F700E1FD08 /* OptionsViewController.swift */ = {isa = PBXFileReference; fileEncoding = 4; lastKnownFileType = sourcecode.swift; path = OptionsViewController.swift; sourceTree = "<group>"; };
		D35F1CC81C7105390084A902 /* run_run_run.app */ = {isa = PBXFileReference; explicitFileType = wrapper.application; includeInIndex = 0; path = run_run_run.app; sourceTree = BUILT_PRODUCTS_DIR; };
		D35F1CCB1C7105390084A902 /* AppDelegate.swift */ = {isa = PBXFileReference; lastKnownFileType = sourcecode.swift; path = AppDelegate.swift; sourceTree = "<group>"; };
		D35F1CCD1C7105390084A902 /* PlanViewController.swift */ = {isa = PBXFileReference; lastKnownFileType = sourcecode.swift; path = PlanViewController.swift; sourceTree = "<group>"; };
		D35F1CD21C7105390084A902 /* Assets.xcassets */ = {isa = PBXFileReference; lastKnownFileType = folder.assetcatalog; path = Assets.xcassets; sourceTree = "<group>"; };
		D35F1CD51C7105390084A902 /* Base */ = {isa = PBXFileReference; lastKnownFileType = file.storyboard; name = Base; path = Base.lproj/LaunchScreen.storyboard; sourceTree = "<group>"; };
		D35F1CD71C7105390084A902 /* Info.plist */ = {isa = PBXFileReference; lastKnownFileType = text.plist.xml; path = Info.plist; sourceTree = "<group>"; };
		D3669D521C84933A00250225 /* InitialViewController.swift */ = {isa = PBXFileReference; fileEncoding = 4; lastKnownFileType = sourcecode.swift; path = InitialViewController.swift; sourceTree = "<group>"; };
		D36EEFC11D3C0138009A772E /* RunController.swift */ = {isa = PBXFileReference; fileEncoding = 4; lastKnownFileType = sourcecode.swift; path = RunController.swift; sourceTree = "<group>"; };
		D36EEFC31D475C62009A772E /* 04B_19__.TTF */ = {isa = PBXFileReference; lastKnownFileType = file; name = 04B_19__.TTF; path = ../04B_19__.TTF; sourceTree = "<group>"; };
		D37E54271C7C8DDF0025509A /* CalViewController.swift */ = {isa = PBXFileReference; fileEncoding = 4; lastKnownFileType = sourcecode.swift; path = CalViewController.swift; sourceTree = "<group>"; };
		D3B57E1B1D2BF6220014F8F2 /* MenuButton.swift */ = {isa = PBXFileReference; fileEncoding = 4; lastKnownFileType = sourcecode.swift; path = MenuButton.swift; sourceTree = "<group>"; };
		D3B57E1D1D3150D20014F8F2 /* RunCircles.swift */ = {isa = PBXFileReference; fileEncoding = 4; lastKnownFileType = sourcecode.swift; path = RunCircles.swift; sourceTree = "<group>"; };
		D3CED4741D33D6D600EBE97F /* CounterView.swift */ = {isa = PBXFileReference; fileEncoding = 4; lastKnownFileType = sourcecode.swift; path = CounterView.swift; sourceTree = "<group>"; };
		D3E3684F1D8563D500ABAD1F /* SKTAudio.swift */ = {isa = PBXFileReference; fileEncoding = 4; lastKnownFileType = sourcecode.swift; path = SKTAudio.swift; sourceTree = "<group>"; };
		D3E368541D856F5000ABAD1F /* run1.5.mp3 */ = {isa = PBXFileReference; lastKnownFileType = audio.mp3; path = run1.5.mp3; sourceTree = "<group>"; };
		D3E368561D856FCF00ABAD1F /* walk1.5.mp3 */ = {isa = PBXFileReference; lastKnownFileType = audio.mp3; path = walk1.5.mp3; sourceTree = "<group>"; };
		D3E368581D85703B00ABAD1F /* run1.mp3 */ = {isa = PBXFileReference; lastKnownFileType = audio.mp3; path = run1.mp3; sourceTree = "<group>"; };
		D3E3685C1D85724B00ABAD1F /* walk2.mp3 */ = {isa = PBXFileReference; lastKnownFileType = audio.mp3; path = walk2.mp3; sourceTree = "<group>"; };
		D3E3685E1D85730800ABAD1F /* walk2.5.mp3 */ = {isa = PBXFileReference; lastKnownFileType = audio.mp3; path = walk2.5.mp3; sourceTree = "<group>"; };
		D3E368601D85852500ABAD1F /* run3.mp3 */ = {isa = PBXFileReference; lastKnownFileType = audio.mp3; path = run3.mp3; sourceTree = "<group>"; };
		D3E368611D85852500ABAD1F /* run5.mp3 */ = {isa = PBXFileReference; lastKnownFileType = audio.mp3; path = run5.mp3; sourceTree = "<group>"; };
		D3E368621D85852600ABAD1F /* run8.mp3 */ = {isa = PBXFileReference; lastKnownFileType = audio.mp3; path = run8.mp3; sourceTree = "<group>"; };
		D3E368631D85852600ABAD1F /* run10.mp3 */ = {isa = PBXFileReference; lastKnownFileType = audio.mp3; path = run10.mp3; sourceTree = "<group>"; };
		D3E368641D85852600ABAD1F /* run21.mp3 */ = {isa = PBXFileReference; lastKnownFileType = audio.mp3; path = run21.mp3; sourceTree = "<group>"; };
		D3E368651D85852600ABAD1F /* run25.mp3 */ = {isa = PBXFileReference; lastKnownFileType = audio.mp3; path = run25.mp3; sourceTree = "<group>"; };
		D3E368661D85852600ABAD1F /* run28.mp3 */ = {isa = PBXFileReference; lastKnownFileType = audio.mp3; path = run28.mp3; sourceTree = "<group>"; };
		D3E368671D85852600ABAD1F /* run30.mp3 */ = {isa = PBXFileReference; lastKnownFileType = audio.mp3; path = run30.mp3; sourceTree = "<group>"; };
		D3E368701D85853600ABAD1F /* walk3.mp3 */ = {isa = PBXFileReference; lastKnownFileType = audio.mp3; path = walk3.mp3; sourceTree = "<group>"; };
		D3E368711D85853600ABAD1F /* walk5.mp3 */ = {isa = PBXFileReference; lastKnownFileType = audio.mp3; path = walk5.mp3; sourceTree = "<group>"; };
		D3EB34C11D4D01E4007ECDBB /* SegmentControl.swift */ = {isa = PBXFileReference; fileEncoding = 4; lastKnownFileType = sourcecode.swift; path = SegmentControl.swift; sourceTree = "<group>"; };
		D3F685771D682A4300DE5959 /* Base */ = {isa = PBXFileReference; lastKnownFileType = file.storyboard; name = Base; path = Base.lproj/Main.storyboard; sourceTree = "<group>"; };
		D7107938144D53712F5A58B1 /* Pods-run_run_run.release.xcconfig */ = {isa = PBXFileReference; includeInIndex = 1; lastKnownFileType = text.xcconfig; name = "Pods-run_run_run.release.xcconfig"; path = "Pods/Target Support Files/Pods-run_run_run/Pods-run_run_run.release.xcconfig"; sourceTree = "<group>"; };
		F108FC8201A2D48916797CE5 /* Pods-run_run_run.debug.xcconfig */ = {isa = PBXFileReference; includeInIndex = 1; lastKnownFileType = text.xcconfig; name = "Pods-run_run_run.debug.xcconfig"; path = "Pods/Target Support Files/Pods-run_run_run/Pods-run_run_run.debug.xcconfig"; sourceTree = "<group>"; };
/* End PBXFileReference section */

/* Begin PBXFrameworksBuildPhase section */
		D35F1CC51C7105390084A902 /* Frameworks */ = {
			isa = PBXFrameworksBuildPhase;
			buildActionMask = 2147483647;
			files = (
				74FF54CBB1BD86C3A5C8C31F /* Pods_run_run_run.framework in Frameworks */,
			);
			runOnlyForDeploymentPostprocessing = 0;
		};
/* End PBXFrameworksBuildPhase section */

/* Begin PBXGroup section */
		886B4CD46EFC23704B742B8A /* Pods */ = {
			isa = PBXGroup;
			children = (
				F108FC8201A2D48916797CE5 /* Pods-run_run_run.debug.xcconfig */,
				D7107938144D53712F5A58B1 /* Pods-run_run_run.release.xcconfig */,
				ADE1AE98041C91F27240AF24 /* Pods-run_run_runTests.debug.xcconfig */,
				16CD999C66618120D329DB26 /* Pods-run_run_runTests.release.xcconfig */,
			);
			name = Pods;
			sourceTree = "<group>";
		};
		D35F1CBF1C7105390084A902 = {
			isa = PBXGroup;
			children = (
				D35F1CCA1C7105390084A902 /* run_run_run */,
				D35F1CC91C7105390084A902 /* Products */,
				886B4CD46EFC23704B742B8A /* Pods */,
				DFEB5A34A7735182C49953EB /* Frameworks */,
			);
			sourceTree = "<group>";
		};
		D35F1CC91C7105390084A902 /* Products */ = {
			isa = PBXGroup;
			children = (
				D35F1CC81C7105390084A902 /* run_run_run.app */,
			);
			name = Products;
			sourceTree = "<group>";
		};
		D35F1CCA1C7105390084A902 /* run_run_run */ = {
			isa = PBXGroup;
			children = (
				D3E368531D856D4B00ABAD1F /* sounds */,
				D36EEFC31D475C62009A772E /* 04B_19__.TTF */,
				D35F1CCB1C7105390084A902 /* AppDelegate.swift */,
				D35F1CCD1C7105390084A902 /* PlanViewController.swift */,
				D35F1CD21C7105390084A902 /* Assets.xcassets */,
				D3CED4741D33D6D600EBE97F /* CounterView.swift */,
				D3F685761D682A4300DE5959 /* Main.storyboard */,
				D3E3684F1D8563D500ABAD1F /* SKTAudio.swift */,
				D3B57E1B1D2BF6220014F8F2 /* MenuButton.swift */,
				D35F1CD41C7105390084A902 /* LaunchScreen.storyboard */,
				D352CBFD1D22B6F700E1FD08 /* OptionsViewController.swift */,
				D35F1CD71C7105390084A902 /* Info.plist */,
				D37E54271C7C8DDF0025509A /* CalViewController.swift */,
				D3669D521C84933A00250225 /* InitialViewController.swift */,
				D3284B6B1C8DB46B006FB560 /* Train.swift */,
				D3284B6D1C8EB959006FB560 /* ImageUtil.swift */,
				D3284B6F1C92ED19006FB560 /* Train_data.swift */,
				D3284B711C92F688006FB560 /* UserData.swift */,
				D3B57E1D1D3150D20014F8F2 /* RunCircles.swift */,
				D36EEFC11D3C0138009A772E /* RunController.swift */,
				D3EB34C11D4D01E4007ECDBB /* SegmentControl.swift */,
			);
			path = run_run_run;
			sourceTree = "<group>";
		};
		D3E368531D856D4B00ABAD1F /* sounds */ = {
			isa = PBXGroup;
			children = (
				D3E368561D856FCF00ABAD1F /* walk1.5.mp3 */,
				D3E3685C1D85724B00ABAD1F /* walk2.mp3 */,
				D3E368601D85852500ABAD1F /* run3.mp3 */,
				D3E368611D85852500ABAD1F /* run5.mp3 */,
				D3E368621D85852600ABAD1F /* run8.mp3 */,
				D3E368701D85853600ABAD1F /* walk3.mp3 */,
				D3E368711D85853600ABAD1F /* walk5.mp3 */,
				D3E368631D85852600ABAD1F /* run10.mp3 */,
				D3E368641D85852600ABAD1F /* run21.mp3 */,
				D3E368651D85852600ABAD1F /* run25.mp3 */,
				D3E368661D85852600ABAD1F /* run28.mp3 */,
				D3E368671D85852600ABAD1F /* run30.mp3 */,
				D3E3685E1D85730800ABAD1F /* walk2.5.mp3 */,
				D3E368581D85703B00ABAD1F /* run1.mp3 */,
				D3E368541D856F5000ABAD1F /* run1.5.mp3 */,
			);
			name = sounds;
			sourceTree = "<group>";
		};
		DFEB5A34A7735182C49953EB /* Frameworks */ = {
			isa = PBXGroup;
			children = (
				1AAFFDD0ED4961283238036D /* Pods_run_run_run.framework */,
				BCF71EC4D85A23DE8C9F149A /* Pods_run_run_runTests.framework */,
			);
			name = Frameworks;
			sourceTree = "<group>";
		};
/* End PBXGroup section */

/* Begin PBXNativeTarget section */
		D35F1CC71C7105390084A902 /* run_run_run */ = {
			isa = PBXNativeTarget;
			buildConfigurationList = D35F1CE51C7105390084A902 /* Build configuration list for PBXNativeTarget "run_run_run" */;
			buildPhases = (
				AB0EC42D975B434073E48155 /* Check Pods Manifest.lock */,
				D35F1CC41C7105390084A902 /* Sources */,
				D35F1CC51C7105390084A902 /* Frameworks */,
				D35F1CC61C7105390084A902 /* Resources */,
				F42EDDE8E70D8D3C877E8810 /* Embed Pods Frameworks */,
				0AA9212641BFF2F194B1DFF0 /* Copy Pods Resources */,
			);
			buildRules = (
			);
			dependencies = (
			);
			name = run_run_run;
			productName = run_run_run;
			productReference = D35F1CC81C7105390084A902 /* run_run_run.app */;
			productType = "com.apple.product-type.application";
		};
/* End PBXNativeTarget section */

/* Begin PBXProject section */
		D35F1CC01C7105390084A902 /* Project object */ = {
			isa = PBXProject;
			attributes = {
				LastSwiftUpdateCheck = 0720;
				LastUpgradeCheck = 0720;
				ORGANIZATIONNAME = gala;
				TargetAttributes = {
					D35F1CC71C7105390084A902 = {
						CreatedOnToolsVersion = 7.2;
					};
				};
			};
			buildConfigurationList = D35F1CC31C7105390084A902 /* Build configuration list for PBXProject "run_run_run" */;
			compatibilityVersion = "Xcode 3.2";
			developmentRegion = English;
			hasScannedForEncodings = 0;
			knownRegions = (
				en,
				Base,
			);
			mainGroup = D35F1CBF1C7105390084A902;
			productRefGroup = D35F1CC91C7105390084A902 /* Products */;
			projectDirPath = "";
			projectRoot = "";
			targets = (
				D35F1CC71C7105390084A902 /* run_run_run */,
			);
		};
/* End PBXProject section */

/* Begin PBXResourcesBuildPhase section */
		D35F1CC61C7105390084A902 /* Resources */ = {
			isa = PBXResourcesBuildPhase;
			buildActionMask = 2147483647;
			files = (
				D3E3685D1D85724B00ABAD1F /* walk2.mp3 in Resources */,
				D3E368691D85852600ABAD1F /* run5.mp3 in Resources */,
				D3E368571D856FCF00ABAD1F /* walk1.5.mp3 in Resources */,
				D3F685781D682A4300DE5959 /* Main.storyboard in Resources */,
				D3E3685F1D85730800ABAD1F /* walk2.5.mp3 in Resources */,
				D36EEFC41D475C62009A772E /* 04B_19__.TTF in Resources */,
				D3E3686E1D85852600ABAD1F /* run28.mp3 in Resources */,
				D3E3686D1D85852600ABAD1F /* run25.mp3 in Resources */,
				D3E3686B1D85852600ABAD1F /* run10.mp3 in Resources */,
				D35F1CD61C7105390084A902 /* LaunchScreen.storyboard in Resources */,
				D3E368681D85852600ABAD1F /* run3.mp3 in Resources */,
				D3E368721D85853600ABAD1F /* walk3.mp3 in Resources */,
				D3E3686C1D85852600ABAD1F /* run21.mp3 in Resources */,
				D3E368731D85853600ABAD1F /* walk5.mp3 in Resources */,
				D35F1CD31C7105390084A902 /* Assets.xcassets in Resources */,
				D3E368551D856F5000ABAD1F /* run1.5.mp3 in Resources */,
				D3E368591D85703B00ABAD1F /* run1.mp3 in Resources */,
				D3E3686F1D85852600ABAD1F /* run30.mp3 in Resources */,
				D3E3686A1D85852600ABAD1F /* run8.mp3 in Resources */,
			);
			runOnlyForDeploymentPostprocessing = 0;
		};
/* End PBXResourcesBuildPhase section */

/* Begin PBXShellScriptBuildPhase section */
		0AA9212641BFF2F194B1DFF0 /* Copy Pods Resources */ = {
			isa = PBXShellScriptBuildPhase;
			buildActionMask = 2147483647;
			files = (
			);
			inputPaths = (
			);
			name = "Copy Pods Resources";
			outputPaths = (
			);
			runOnlyForDeploymentPostprocessing = 0;
			shellPath = /bin/sh;
			shellScript = "\"${SRCROOT}/Pods/Target Support Files/Pods-run_run_run/Pods-run_run_run-resources.sh\"\n";
			showEnvVarsInLog = 0;
		};
		AB0EC42D975B434073E48155 /* Check Pods Manifest.lock */ = {
			isa = PBXShellScriptBuildPhase;
			buildActionMask = 2147483647;
			files = (
			);
			inputPaths = (
			);
			name = "Check Pods Manifest.lock";
			outputPaths = (
			);
			runOnlyForDeploymentPostprocessing = 0;
			shellPath = /bin/sh;
			shellScript = "diff \"${PODS_ROOT}/../Podfile.lock\" \"${PODS_ROOT}/Manifest.lock\" > /dev/null\nif [[ $? != 0 ]] ; then\n    cat << EOM\nerror: The sandbox is not in sync with the Podfile.lock. Run 'pod install' or update your CocoaPods installation.\nEOM\n    exit 1\nfi\n";
			showEnvVarsInLog = 0;
		};
		F42EDDE8E70D8D3C877E8810 /* Embed Pods Frameworks */ = {
			isa = PBXShellScriptBuildPhase;
			buildActionMask = 2147483647;
			files = (
			);
			inputPaths = (
			);
			name = "Embed Pods Frameworks";
			outputPaths = (
			);
			runOnlyForDeploymentPostprocessing = 0;
			shellPath = /bin/sh;
			shellScript = "\"${SRCROOT}/Pods/Target Support Files/Pods-run_run_run/Pods-run_run_run-frameworks.sh\"\n";
			showEnvVarsInLog = 0;
		};
/* End PBXShellScriptBuildPhase section */

/* Begin PBXSourcesBuildPhase section */
		D35F1CC41C7105390084A902 /* Sources */ = {
			isa = PBXSourcesBuildPhase;
			buildActionMask = 2147483647;
			files = (
				D3284B6E1C8EB959006FB560 /* ImageUtil.swift in Sources */,
				D3669D531C84933A00250225 /* InitialViewController.swift in Sources */,
				D3B57E1C1D2BF6220014F8F2 /* MenuButton.swift in Sources */,
				D3EB34C21D4D01E4007ECDBB /* SegmentControl.swift in Sources */,
				D35F1CCE1C7105390084A902 /* PlanViewController.swift in Sources */,
				D37E54281C7C8DDF0025509A /* CalViewController.swift in Sources */,
				D3E368501D8563D500ABAD1F /* SKTAudio.swift in Sources */,
				D35F1CCC1C7105390084A902 /* AppDelegate.swift in Sources */,
				D3284B721C92F688006FB560 /* UserData.swift in Sources */,
				D3CED4751D33D6D600EBE97F /* CounterView.swift in Sources */,
				D3284B6C1C8DB46B006FB560 /* Train.swift in Sources */,
				D3284B701C92ED19006FB560 /* Train_data.swift in Sources */,
				D352CBFE1D22B6F700E1FD08 /* OptionsViewController.swift in Sources */,
				D3B57E1E1D3150D20014F8F2 /* RunCircles.swift in Sources */,
				D36EEFC21D3C0138009A772E /* RunController.swift in Sources */,
			);
			runOnlyForDeploymentPostprocessing = 0;
		};
/* End PBXSourcesBuildPhase section */

/* Begin PBXVariantGroup section */
		D35F1CD41C7105390084A902 /* LaunchScreen.storyboard */ = {
			isa = PBXVariantGroup;
			children = (
				D35F1CD51C7105390084A902 /* Base */,
			);
			name = LaunchScreen.storyboard;
			sourceTree = "<group>";
		};
		D3F685761D682A4300DE5959 /* Main.storyboard */ = {
			isa = PBXVariantGroup;
			children = (
				D3F685771D682A4300DE5959 /* Base */,
			);
			name = Main.storyboard;
			sourceTree = "<group>";
		};
/* End PBXVariantGroup section */

/* Begin XCBuildConfiguration section */
		D35F1CE31C7105390084A902 /* Debug */ = {
			isa = XCBuildConfiguration;
			buildSettings = {
				ALWAYS_SEARCH_USER_PATHS = NO;
				CLANG_CXX_LANGUAGE_STANDARD = "gnu++0x";
				CLANG_CXX_LIBRARY = "libc++";
				CLANG_ENABLE_MODULES = YES;
				CLANG_ENABLE_OBJC_ARC = YES;
				CLANG_WARN_BOOL_CONVERSION = YES;
				CLANG_WARN_CONSTANT_CONVERSION = YES;
				CLANG_WARN_DIRECT_OBJC_ISA_USAGE = YES_ERROR;
				CLANG_WARN_EMPTY_BODY = YES;
				CLANG_WARN_ENUM_CONVERSION = YES;
				CLANG_WARN_INT_CONVERSION = YES;
				CLANG_WARN_OBJC_ROOT_CLASS = YES_ERROR;
				CLANG_WARN_UNREACHABLE_CODE = YES;
				CLANG_WARN__DUPLICATE_METHOD_MATCH = YES;
				"CODE_SIGN_IDENTITY[sdk=iphoneos*]" = "iPhone Developer";
				COPY_PHASE_STRIP = NO;
				DEBUG_INFORMATION_FORMAT = dwarf;
				ENABLE_STRICT_OBJC_MSGSEND = YES;
				ENABLE_TESTABILITY = YES;
				GCC_C_LANGUAGE_STANDARD = gnu99;
				GCC_DYNAMIC_NO_PIC = NO;
				GCC_NO_COMMON_BLOCKS = YES;
				GCC_OPTIMIZATION_LEVEL = 0;
				GCC_PREPROCESSOR_DEFINITIONS = (
					"DEBUG=1",
					"$(inherited)",
				);
				GCC_WARN_64_TO_32_BIT_CONVERSION = YES;
				GCC_WARN_ABOUT_RETURN_TYPE = YES_ERROR;
				GCC_WARN_UNDECLARED_SELECTOR = YES;
				GCC_WARN_UNINITIALIZED_AUTOS = YES_AGGRESSIVE;
				GCC_WARN_UNUSED_FUNCTION = YES;
				GCC_WARN_UNUSED_VARIABLE = YES;
				IPHONEOS_DEPLOYMENT_TARGET = 9.2;
				MTL_ENABLE_DEBUG_INFO = YES;
				ONLY_ACTIVE_ARCH = YES;
				SDKROOT = iphoneos;
				SWIFT_OPTIMIZATION_LEVEL = "-Onone";
				TARGETED_DEVICE_FAMILY = "1,2";
			};
			name = Debug;
		};
		D35F1CE41C7105390084A902 /* Release */ = {
			isa = XCBuildConfiguration;
			buildSettings = {
				ALWAYS_SEARCH_USER_PATHS = NO;
				CLANG_CXX_LANGUAGE_STANDARD = "gnu++0x";
				CLANG_CXX_LIBRARY = "libc++";
				CLANG_ENABLE_MODULES = YES;
				CLANG_ENABLE_OBJC_ARC = YES;
				CLANG_WARN_BOOL_CONVERSION = YES;
				CLANG_WARN_CONSTANT_CONVERSION = YES;
				CLANG_WARN_DIRECT_OBJC_ISA_USAGE = YES_ERROR;
				CLANG_WARN_EMPTY_BODY = YES;
				CLANG_WARN_ENUM_CONVERSION = YES;
				CLANG_WARN_INT_CONVERSION = YES;
				CLANG_WARN_OBJC_ROOT_CLASS = YES_ERROR;
				CLANG_WARN_UNREACHABLE_CODE = YES;
				CLANG_WARN__DUPLICATE_METHOD_MATCH = YES;
				"CODE_SIGN_IDENTITY[sdk=iphoneos*]" = "iPhone Developer";
				COPY_PHASE_STRIP = NO;
				DEBUG_INFORMATION_FORMAT = "dwarf-with-dsym";
				ENABLE_NS_ASSERTIONS = NO;
				ENABLE_STRICT_OBJC_MSGSEND = YES;
				GCC_C_LANGUAGE_STANDARD = gnu99;
				GCC_NO_COMMON_BLOCKS = YES;
				GCC_WARN_64_TO_32_BIT_CONVERSION = YES;
				GCC_WARN_ABOUT_RETURN_TYPE = YES_ERROR;
				GCC_WARN_UNDECLARED_SELECTOR = YES;
				GCC_WARN_UNINITIALIZED_AUTOS = YES_AGGRESSIVE;
				GCC_WARN_UNUSED_FUNCTION = YES;
				GCC_WARN_UNUSED_VARIABLE = YES;
				IPHONEOS_DEPLOYMENT_TARGET = 9.2;
				MTL_ENABLE_DEBUG_INFO = NO;
				SDKROOT = iphoneos;
				TARGETED_DEVICE_FAMILY = "1,2";
				VALIDATE_PRODUCT = YES;
			};
			name = Release;
		};
		D35F1CE61C7105390084A902 /* Debug */ = {
			isa = XCBuildConfiguration;
			baseConfigurationReference = F108FC8201A2D48916797CE5 /* Pods-run_run_run.debug.xcconfig */;
			buildSettings = {
				ASSETCATALOG_COMPILER_APPICON_NAME = AppIcon;
				INFOPLIST_FILE = run_run_run/Info.plist;
				LD_RUNPATH_SEARCH_PATHS = "$(inherited) @executable_path/Frameworks";
				PRODUCT_BUNDLE_IDENTIFIER = "com.gala.run-run-run";
				PRODUCT_NAME = "$(TARGET_NAME)";
			};
			name = Debug;
		};
		D35F1CE71C7105390084A902 /* Release */ = {
			isa = XCBuildConfiguration;
			baseConfigurationReference = D7107938144D53712F5A58B1 /* Pods-run_run_run.release.xcconfig */;
			buildSettings = {
				ASSETCATALOG_COMPILER_APPICON_NAME = AppIcon;
				INFOPLIST_FILE = run_run_run/Info.plist;
				LD_RUNPATH_SEARCH_PATHS = "$(inherited) @executable_path/Frameworks";
				PRODUCT_BUNDLE_IDENTIFIER = "com.gala.run-run-run";
				PRODUCT_NAME = "$(TARGET_NAME)";
			};
			name = Release;
		};
/* End XCBuildConfiguration section */

/* Begin XCConfigurationList section */
		D35F1CC31C7105390084A902 /* Build configuration list for PBXProject "run_run_run" */ = {
			isa = XCConfigurationList;
			buildConfigurations = (
				D35F1CE31C7105390084A902 /* Debug */,
				D35F1CE41C7105390084A902 /* Release */,
			);
			defaultConfigurationIsVisible = 0;
			defaultConfigurationName = Release;
		};
		D35F1CE51C7105390084A902 /* Build configuration list for PBXNativeTarget "run_run_run" */ = {
			isa = XCConfigurationList;
			buildConfigurations = (
				D35F1CE61C7105390084A902 /* Debug */,
				D35F1CE71C7105390084A902 /* Release */,
			);
			defaultConfigurationIsVisible = 0;
			defaultConfigurationName = Release;
		};
/* End XCConfigurationList section */
	};
	rootObject = D35F1CC01C7105390084A902 /* Project object */;
}
